
Microsoft Visual Studio Solution File, Format Version 12.00
# Visual Studio 15
VisualStudioVersion = 15.0.27703.2000
MinimumVisualStudioVersion = 10.0.40219.1
Project("{E24C65DC-7377-472B-9ABA-BC803B73C61A}") = "WebSite1(1)", "WebSite1\", "{C71C970A-324F-4783-84C9-3FFC8EA00F6E}"
	ProjectSection(WebsiteProperties) = preProject
		TargetFrameworkMoniker = ".NETFramework,Version%3Dv4.6.1"
		Debug.AspNetCompiler.VirtualPath = "/localhost_53621"
		Debug.AspNetCompiler.PhysicalPath = "WebSite1\"
		Debug.AspNetCompiler.TargetPath = "PrecompiledWeb\localhost_53621\"
		Debug.AspNetCompiler.Updateable = "true"
		Debug.AspNetCompiler.ForceOverwrite = "true"
		Debug.AspNetCompiler.FixedNames = "false"
		Debug.AspNetCompiler.Debug = "True"
		Release.AspNetCompiler.VirtualPath = "/localhost_53621"
		Release.AspNetCompiler.PhysicalPath = "WebSite1\"
		Release.AspNetCompiler.TargetPath = "PrecompiledWeb\localhost_53621\"
		Release.AspNetCompiler.Updateable = "true"
		Release.AspNetCompiler.ForceOverwrite = "true"
		Release.AspNetCompiler.FixedNames = "false"
		Release.AspNetCompiler.Debug = "False"
		VWDPort = "53621"
		SlnRelativePath = "WebSite1\"
		DefaultWebSiteLanguage = "Visual C#"
	EndProjectSection
EndProject
Global
	GlobalSection(SolutionConfigurationPlatforms) = preSolution
		Debug|Any CPU = Debug|Any CPU
	EndGlobalSection
	GlobalSection(ProjectConfigurationPlatforms) = postSolution
		{C71C970A-324F-4783-84C9-3FFC8EA00F6E}.Debug|Any CPU.ActiveCfg = Debug|Any CPU
		{C71C970A-324F-4783-84C9-3FFC8EA00F6E}.Debug|Any CPU.Build.0 = Debug|Any CPU
	EndGlobalSection
	GlobalSection(SolutionProperties) = preSolution
		HideSolutionNode = FALSE
	EndGlobalSection
	GlobalSection(ExtensibilityGlobals) = postSolution
		SolutionGuid = {F3939D3A-4444-467E-B4F3-604BF83F3F86}
	EndGlobalSection
EndGlobal
